{
  "originHash" : "7f7fafd589ae15b5aa57bab1441057780c33b759a77eb70729cd421178ac8532",
  "pins" : [
    {
      "identity" : "swift-syntax",
      "kind" : "remoteSourceControl",
      "location" : "https://github.com/swiftlang/swift-syntax.git",
      "state" : {
        "revision" : "9de99a78f099e59caf2b2beec65a4c45d54b2081",
        "version" : "603.0.1"
      }
    }
  ],
  "version" : 3
}
